
Microsoft Visual Studio Solution File, Format Version 12.00
Project("{2150E333-8FDC-42A3-9474-1A3956D46DE8}") = "src", "src", "{AF7C40E4-E62C-4318-87CA-BEB79ACE7252}"
EndProject
Project("{FAE04EC0-301F-11D3-BF4B-00C04F79EFBC}") = "UI", "src\UI\UI.csproj", "{129FD266-E28D-4EF7-9C09-D58B1AA44755}"
EndProject
Project("{2150E333-8FDC-42A3-9474-1A3956D46DE8}") = "SolutionItems", "SolutionItems", "{6B47447A-D82A-4D87-A8C0-905651FBA261}"
	ProjectSection(SolutionItems) = preProject
		.editorconfig = .editorconfig
		Directory.Build.props = Directory.Build.props
		README.md = README.md
	EndProjectSection
EndProject
Global
	GlobalSection(SolutionConfigurationPlatforms) = preSolution
		Debug|Any CPU = Debug|Any CPU
		Release|Any CPU = Release|Any CPU
	EndGlobalSection
	GlobalSection(ProjectConfigurationPlatforms) = postSolution
		{129FD266-E28D-4EF7-9C09-D58B1AA44755}.Debug|Any CPU.ActiveCfg = Debug|Any CPU
		{129FD266-E28D-4EF7-9C09-D58B1AA44755}.Debug|Any CPU.Build.0 = Debug|Any CPU
		{129FD266-E28D-4EF7-9C09-D58B1AA44755}.Release|Any CPU.ActiveCfg = Release|Any CPU
		{129FD266-E28D-4EF7-9C09-D58B1AA44755}.Release|Any CPU.Build.0 = Release|Any CPU
	EndGlobalSection
	GlobalSection(NestedProjects) = preSolution
		{129FD266-E28D-4EF7-9C09-D58B1AA44755} = {AF7C40E4-E62C-4318-87CA-BEB79ACE7252}
	EndGlobalSection
EndGlobal
